
Microsoft Visual Studio Solution File, Format Version 12.00
Project("{FAE04EC0-301F-11D3-BF4B-00C04F79EFBC}") = "SecShare.Business", "SecShare.Business\SecShare.Business.csproj", "{1C102C63-7047-499E-A856-D75260B09647}"
EndProject
Project("{FAE04EC0-301F-11D3-BF4B-00C04F79EFBC}") = "SecShare.Business.Extensions", "SecShare.Business.Extensions\SecShare.Business.Extensions.csproj", "{E4296BE4-FC46-4667-B837-9E3E38C77A1E}"
EndProject
Project("{FAE04EC0-301F-11D3-BF4B-00C04F79EFBC}") = "SecShare.Business.Orm", "SecShare.Business.Orm\SecShare.Business.Orm.csproj", "{44C8AD1E-DC18-46D4-9698-CED4C46AB456}"
EndProject
Project("{2150E333-8FDC-42A3-9474-1A3956D46DE8}") = "Business", "Business", "{56D9E2BB-2981-4402-A7C7-E82CCC547FE9}"
EndProject
Project("{2150E333-8FDC-42A3-9474-1A3956D46DE8}") = "Abstractions", "Abstractions", "{65725034-2195-4F1B-AFB2-39CF18CA800C}"
EndProject
Project("{FAE04EC0-301F-11D3-BF4B-00C04F79EFBC}") = "Api.Requests.Abstractions", "Api.Requests.Abstractions\Api.Requests.Abstractions.csproj", "{5D05BFD1-5D4C-42B4-8300-D614A842D80E}"
EndProject
Project("{FAE04EC0-301F-11D3-BF4B-00C04F79EFBC}") = "Api.Requests.Base", "Api.Requests.Base\Api.Requests.Base.csproj", "{9EC426FD-0BC8-4579-9E8C-954CEEB70B90}"
EndProject
Project("{FAE04EC0-301F-11D3-BF4B-00C04F79EFBC}") = "AspNetCore.ApiControllers.Abstractions", "AspNetCore.ApiControllers.Abstractions\AspNetCore.ApiControllers.Abstractions.csproj", "{7D268192-38A5-4DA9-AA01-E355F2117080}"
EndProject
Project("{FAE04EC0-301F-11D3-BF4B-00C04F79EFBC}") = "AspNetCore.ApiControllers.Extensions", "AspNetCore.ApiControllers.Extensions\AspNetCore.ApiControllers.Extensions.csproj", "{86A05D3D-0B98-4068-8656-2C604BBBF41F}"
EndProject
Project("{FAE04EC0-301F-11D3-BF4B-00C04F79EFBC}") = "Domain.Abstractions", "Domain.Abstractions\Domain.Abstractions.csproj", "{89885CBA-779D-4D14-9FA5-672E70AC5989}"
EndProject
Project("{FAE04EC0-301F-11D3-BF4B-00C04F79EFBC}") = "Persistence.Transactions.Behaviors", "Persistence.Transactions.Behaviors\Persistence.Transactions.Behaviors.csproj", "{731DAF0D-A209-48DD-A163-2CE71ACC5A53}"
EndProject
Project("{2150E333-8FDC-42A3-9474-1A3956D46DE8}") = "Tests", "Tests", "{4778CEB3-FAFF-48B2-A236-3CAA3547CBFA}"
EndProject
Project("{FAE04EC0-301F-11D3-BF4B-00C04F79EFBC}") = "SecShare.Tests.Integration.Api", "SecShare.Tests.Integration.Api\SecShare.Tests.Integration.Api.csproj", "{8FC9BEEF-37A9-4DB0-9C3B-E82B0DBCF624}"
EndProject
Project("{FAE04EC0-301F-11D3-BF4B-00C04F79EFBC}") = "SecShare.Tests.Unit", "SecShare.Tests.Unit\SecShare.Tests.Unit.csproj", "{D2801C4E-84D8-4231-B4CF-E0931582033A}"
EndProject
Project("{FAE04EC0-301F-11D3-BF4B-00C04F79EFBC}") = "SecShare.Tests.Integration", "SecShare.Tests.Integration\SecShare.Tests.Integration.csproj", "{6A74C2E7-9A06-4844-8251-D402863F3E3A}"
EndProject
Project("{FAE04EC0-301F-11D3-BF4B-00C04F79EFBC}") = "SecShare.Api", "SecShare.Api\SecShare.Api.csproj", "{7932371E-084F-4CCF-A787-3493D98FA3CA}"
EndProject
Project("{FAE04EC0-301F-11D3-BF4B-00C04F79EFBC}") = "SecShare.Migrations", "SecShare.Migrations\SecShare.Migrations.csproj", "{35D1285B-694E-4111-B755-EC0925F74025}"
EndProject
Project("{FAE04EC0-301F-11D3-BF4B-00C04F79EFBC}") = "SecShare.Business.Testing", "SecShare.Business.Testing\SecShare.Business.Testing.csproj", "{640A840D-3C99-4B3E-ACBA-F1C98F075507}"
EndProject
Global
	GlobalSection(SolutionConfigurationPlatforms) = preSolution
		Debug|Any CPU = Debug|Any CPU
		Release|Any CPU = Release|Any CPU
	EndGlobalSection
	GlobalSection(ProjectConfigurationPlatforms) = postSolution
		{1C102C63-7047-499E-A856-D75260B09647}.Debug|Any CPU.ActiveCfg = Debug|Any CPU
		{1C102C63-7047-499E-A856-D75260B09647}.Debug|Any CPU.Build.0 = Debug|Any CPU
		{1C102C63-7047-499E-A856-D75260B09647}.Release|Any CPU.ActiveCfg = Release|Any CPU
		{1C102C63-7047-499E-A856-D75260B09647}.Release|Any CPU.Build.0 = Release|Any CPU
		{E4296BE4-FC46-4667-B837-9E3E38C77A1E}.Debug|Any CPU.ActiveCfg = Debug|Any CPU
		{E4296BE4-FC46-4667-B837-9E3E38C77A1E}.Debug|Any CPU.Build.0 = Debug|Any CPU
		{E4296BE4-FC46-4667-B837-9E3E38C77A1E}.Release|Any CPU.ActiveCfg = Release|Any CPU
		{E4296BE4-FC46-4667-B837-9E3E38C77A1E}.Release|Any CPU.Build.0 = Release|Any CPU
		{44C8AD1E-DC18-46D4-9698-CED4C46AB456}.Debug|Any CPU.ActiveCfg = Debug|Any CPU
		{44C8AD1E-DC18-46D4-9698-CED4C46AB456}.Debug|Any CPU.Build.0 = Debug|Any CPU
		{44C8AD1E-DC18-46D4-9698-CED4C46AB456}.Release|Any CPU.ActiveCfg = Release|Any CPU
		{44C8AD1E-DC18-46D4-9698-CED4C46AB456}.Release|Any CPU.Build.0 = Release|Any CPU
		{5D05BFD1-5D4C-42B4-8300-D614A842D80E}.Debug|Any CPU.ActiveCfg = Debug|Any CPU
		{5D05BFD1-5D4C-42B4-8300-D614A842D80E}.Debug|Any CPU.Build.0 = Debug|Any CPU
		{5D05BFD1-5D4C-42B4-8300-D614A842D80E}.Release|Any CPU.ActiveCfg = Release|Any CPU
		{5D05BFD1-5D4C-42B4-8300-D614A842D80E}.Release|Any CPU.Build.0 = Release|Any CPU
		{9EC426FD-0BC8-4579-9E8C-954CEEB70B90}.Debug|Any CPU.ActiveCfg = Debug|Any CPU
		{9EC426FD-0BC8-4579-9E8C-954CEEB70B90}.Debug|Any CPU.Build.0 = Debug|Any CPU
		{9EC426FD-0BC8-4579-9E8C-954CEEB70B90}.Release|Any CPU.ActiveCfg = Release|Any CPU
		{9EC426FD-0BC8-4579-9E8C-954CEEB70B90}.Release|Any CPU.Build.0 = Release|Any CPU
		{7D268192-38A5-4DA9-AA01-E355F2117080}.Debug|Any CPU.ActiveCfg = Debug|Any CPU
		{7D268192-38A5-4DA9-AA01-E355F2117080}.Debug|Any CPU.Build.0 = Debug|Any CPU
		{7D268192-38A5-4DA9-AA01-E355F2117080}.Release|Any CPU.ActiveCfg = Release|Any CPU
		{7D268192-38A5-4DA9-AA01-E355F2117080}.Release|Any CPU.Build.0 = Release|Any CPU
		{86A05D3D-0B98-4068-8656-2C604BBBF41F}.Debug|Any CPU.ActiveCfg = Debug|Any CPU
		{86A05D3D-0B98-4068-8656-2C604BBBF41F}.Debug|Any CPU.Build.0 = Debug|Any CPU
		{86A05D3D-0B98-4068-8656-2C604BBBF41F}.Release|Any CPU.ActiveCfg = Release|Any CPU
		{86A05D3D-0B98-4068-8656-2C604BBBF41F}.Release|Any CPU.Build.0 = Release|Any CPU
		{89885CBA-779D-4D14-9FA5-672E70AC5989}.Debug|Any CPU.ActiveCfg = Debug|Any CPU
		{89885CBA-779D-4D14-9FA5-672E70AC5989}.Debug|Any CPU.Build.0 = Debug|Any CPU
		{89885CBA-779D-4D14-9FA5-672E70AC5989}.Release|Any CPU.ActiveCfg = Release|Any CPU
		{89885CBA-779D-4D14-9FA5-672E70AC5989}.Release|Any CPU.Build.0 = Release|Any CPU
		{731DAF0D-A209-48DD-A163-2CE71ACC5A53}.Debug|Any CPU.ActiveCfg = Debug|Any CPU
		{731DAF0D-A209-48DD-A163-2CE71ACC5A53}.Debug|Any CPU.Build.0 = Debug|Any CPU
		{731DAF0D-A209-48DD-A163-2CE71ACC5A53}.Release|Any CPU.ActiveCfg = Release|Any CPU
		{731DAF0D-A209-48DD-A163-2CE71ACC5A53}.Release|Any CPU.Build.0 = Release|Any CPU
		{8FC9BEEF-37A9-4DB0-9C3B-E82B0DBCF624}.Debug|Any CPU.ActiveCfg = Debug|Any CPU
		{8FC9BEEF-37A9-4DB0-9C3B-E82B0DBCF624}.Debug|Any CPU.Build.0 = Debug|Any CPU
		{8FC9BEEF-37A9-4DB0-9C3B-E82B0DBCF624}.Release|Any CPU.ActiveCfg = Release|Any CPU
		{8FC9BEEF-37A9-4DB0-9C3B-E82B0DBCF624}.Release|Any CPU.Build.0 = Release|Any CPU
		{D2801C4E-84D8-4231-B4CF-E0931582033A}.Debug|Any CPU.ActiveCfg = Debug|Any CPU
		{D2801C4E-84D8-4231-B4CF-E0931582033A}.Debug|Any CPU.Build.0 = Debug|Any CPU
		{D2801C4E-84D8-4231-B4CF-E0931582033A}.Release|Any CPU.ActiveCfg = Release|Any CPU
		{D2801C4E-84D8-4231-B4CF-E0931582033A}.Release|Any CPU.Build.0 = Release|Any CPU
		{6A74C2E7-9A06-4844-8251-D402863F3E3A}.Debug|Any CPU.ActiveCfg = Debug|Any CPU
		{6A74C2E7-9A06-4844-8251-D402863F3E3A}.Debug|Any CPU.Build.0 = Debug|Any CPU
		{6A74C2E7-9A06-4844-8251-D402863F3E3A}.Release|Any CPU.ActiveCfg = Release|Any CPU
		{6A74C2E7-9A06-4844-8251-D402863F3E3A}.Release|Any CPU.Build.0 = Release|Any CPU
		{7932371E-084F-4CCF-A787-3493D98FA3CA}.Debug|Any CPU.ActiveCfg = Debug|Any CPU
		{7932371E-084F-4CCF-A787-3493D98FA3CA}.Debug|Any CPU.Build.0 = Debug|Any CPU
		{7932371E-084F-4CCF-A787-3493D98FA3CA}.Release|Any CPU.ActiveCfg = Release|Any CPU
		{7932371E-084F-4CCF-A787-3493D98FA3CA}.Release|Any CPU.Build.0 = Release|Any CPU
		{35D1285B-694E-4111-B755-EC0925F74025}.Debug|Any CPU.ActiveCfg = Debug|Any CPU
		{35D1285B-694E-4111-B755-EC0925F74025}.Debug|Any CPU.Build.0 = Debug|Any CPU
		{35D1285B-694E-4111-B755-EC0925F74025}.Release|Any CPU.ActiveCfg = Release|Any CPU
		{35D1285B-694E-4111-B755-EC0925F74025}.Release|Any CPU.Build.0 = Release|Any CPU
		{640A840D-3C99-4B3E-ACBA-F1C98F075507}.Debug|Any CPU.ActiveCfg = Debug|Any CPU
		{640A840D-3C99-4B3E-ACBA-F1C98F075507}.Debug|Any CPU.Build.0 = Debug|Any CPU
		{640A840D-3C99-4B3E-ACBA-F1C98F075507}.Release|Any CPU.ActiveCfg = Release|Any CPU
		{640A840D-3C99-4B3E-ACBA-F1C98F075507}.Release|Any CPU.Build.0 = Release|Any CPU
	EndGlobalSection
	GlobalSection(NestedProjects) = preSolution
		{1C102C63-7047-499E-A856-D75260B09647} = {56D9E2BB-2981-4402-A7C7-E82CCC547FE9}
		{E4296BE4-FC46-4667-B837-9E3E38C77A1E} = {56D9E2BB-2981-4402-A7C7-E82CCC547FE9}
		{44C8AD1E-DC18-46D4-9698-CED4C46AB456} = {56D9E2BB-2981-4402-A7C7-E82CCC547FE9}
		{5D05BFD1-5D4C-42B4-8300-D614A842D80E} = {65725034-2195-4F1B-AFB2-39CF18CA800C}
		{9EC426FD-0BC8-4579-9E8C-954CEEB70B90} = {65725034-2195-4F1B-AFB2-39CF18CA800C}
		{7D268192-38A5-4DA9-AA01-E355F2117080} = {65725034-2195-4F1B-AFB2-39CF18CA800C}
		{86A05D3D-0B98-4068-8656-2C604BBBF41F} = {65725034-2195-4F1B-AFB2-39CF18CA800C}
		{89885CBA-779D-4D14-9FA5-672E70AC5989} = {65725034-2195-4F1B-AFB2-39CF18CA800C}
		{731DAF0D-A209-48DD-A163-2CE71ACC5A53} = {65725034-2195-4F1B-AFB2-39CF18CA800C}
		{8FC9BEEF-37A9-4DB0-9C3B-E82B0DBCF624} = {4778CEB3-FAFF-48B2-A236-3CAA3547CBFA}
		{D2801C4E-84D8-4231-B4CF-E0931582033A} = {4778CEB3-FAFF-48B2-A236-3CAA3547CBFA}
		{6A74C2E7-9A06-4844-8251-D402863F3E3A} = {4778CEB3-FAFF-48B2-A236-3CAA3547CBFA}
		{640A840D-3C99-4B3E-ACBA-F1C98F075507} = {56D9E2BB-2981-4402-A7C7-E82CCC547FE9}
	EndGlobalSection
EndGlobal
